// !$*UTF8*$!
{
	archiveVersion = 1;
	classes = {
	};
	objectVersion = 46;
	objects = {

/* Begin PBXBuildFile section */
		D250F7191A5971A80069B755 /* AppDelegate.swift in Sources */ = {isa = PBXBuildFile; fileRef = D250F7181A5971A80069B755 /* AppDelegate.swift */; };
		D250F71B1A5971A80069B755 /* ViewController.swift in Sources */ = {isa = PBXBuildFile; fileRef = D250F71A1A5971A80069B755 /* ViewController.swift */; };
		D250F71E1A5971A80069B755 /* Main.storyboard in Resources */ = {isa = PBXBuildFile; fileRef = D250F71C1A5971A80069B755 /* Main.storyboard */; };
		D250F7201A5971A80069B755 /* Images.xcassets in Resources */ = {isa = PBXBuildFile; fileRef = D250F71F1A5971A80069B755 /* Images.xcassets */; };
		D250F72C1A5971A80069B755 /* swTests.swift in Sources */ = {isa = PBXBuildFile; fileRef = D250F72B1A5971A80069B755 /* swTests.swift */; };
		D250F7361A6022BD0069B755 /* aa.swift in Sources */ = {isa = PBXBuildFile; fileRef = D250F7351A6022BD0069B755 /* aa.swift */; };
/* End PBXBuildFile section */

/* Begin PBXContainerItemProxy section */
		D250F7261A5971A80069B755 /* PBXContainerItemProxy */ = {
			isa = PBXContainerItemProxy;
			containerPortal = D250F70B1A5971A80069B755 /* Project object */;
			proxyType = 1;
			remoteGlobalIDString = D250F7121A5971A80069B755;
			remoteInfo = sw;
		};
/* End PBXContainerItemProxy section */

/* Begin PBXFileReference section */
		D250F7131A5971A80069B755 /* sw.app */ = {isa = PBXFileReference; explicitFileType = wrapper.application; includeInIndex = 0; path = sw.app; sourceTree = BUILT_PRODUCTS_DIR; };
		D250F7171A5971A80069B755 /* Info.plist */ = {isa = PBXFileReference; lastKnownFileType = text.plist.xml; path = Info.plist; sourceTree = "<group>"; };
		D250F7181A5971A80069B755 /* AppDelegate.swift */ = {isa = PBXFileReference; lastKnownFileType = sourcecode.swift; path = AppDelegate.swift; sourceTree = "<group>"; };
		D250F71A1A5971A80069B755 /* ViewController.swift */ = {isa = PBXFileReference; lastKnownFileType = sourcecode.swift; path = ViewController.swift; sourceTree = "<group>"; };
		D250F71D1A5971A80069B755 /* Base */ = {isa = PBXFileReference; lastKnownFileType = file.storyboard; name = Base; path = Base.lproj/Main.storyboard; sourceTree = "<group>"; };
		D250F71F1A5971A80069B755 /* Images.xcassets */ = {isa = PBXFileReference; lastKnownFileType = folder.assetcatalog; path = Images.xcassets; sourceTree = "<group>"; };
		D250F7251A5971A80069B755 /* swTests.xctest */ = {isa = PBXFileReference; explicitFileType = wrapper.cfbundle; includeInIndex = 0; path = swTests.xctest; sourceTree = BUILT_PRODUCTS_DIR; };
		D250F72A1A5971A80069B755 /* Info.plist */ = {isa = PBXFileReference; lastKnownFileType = text.plist.xml; path = Info.plist; sourceTree = "<group>"; };
		D250F72B1A5971A80069B755 /* swTests.swift */ = {isa = PBXFileReference; lastKnownFileType = sourcecode.swift; path = swTests.swift; sourceTree = "<group>"; };
		D250F7351A6022BD0069B755 /* aa.swift */ = {isa = PBXFileReference; fileEncoding = 4; lastKnownFileType = sourcecode.swift; path = aa.swift; sourceTree = "<group>"; };
/* End PBXFileReference section */

/* Begin PBXFrameworksBuildPhase section */
		D250F7101A5971A80069B755 /* Frameworks */ = {
			isa = PBXFrameworksBuildPhase;
			buildActionMask = 2147483647;
			files = (
			);
			runOnlyForDeploymentPostprocessing = 0;
		};
		D250F7221A5971A80069B755 /* Frameworks */ = {
			isa = PBXFrameworksBuildPhase;
			buildActionMask = 2147483647;
			files = (
			);
			runOnlyForDeploymentPostprocessing = 0;
		};
/* End PBXFrameworksBuildPhase section */

/* Begin PBXGroup section */
		D250F70A1A5971A80069B755 = {
			isa = PBXGroup;
			children = (
				D250F7151A5971A80069B755 /* sw */,
				D250F7281A5971A80069B755 /* swTests */,
				D250F7141A5971A80069B755 /* Products */,
			);
			sourceTree = "<group>";
		};
		D250F7141A5971A80069B755 /* Products */ = {
			isa = PBXGroup;
			children = (
				D250F7131A5971A80069B755 /* sw.app */,
				D250F7251A5971A80069B755 /* swTests.xctest */,
			);
			name = Products;
			sourceTree = "<group>";
		};
		D250F7151A5971A80069B755 /* sw */ = {
			isa = PBXGroup;
			children = (
				D250F7181A5971A80069B755 /* AppDelegate.swift */,
				D250F71A1A5971A80069B755 /* ViewController.swift */,
				D250F71C1A5971A80069B755 /* Main.storyboard */,
				D250F71F1A5971A80069B755 /* Images.xcassets */,
				D250F7161A5971A80069B755 /* Supporting Files */,
				D250F7351A6022BD0069B755 /* aa.swift */,
			);
			path = sw;
			sourceTree = "<group>";
		};
		D250F7161A5971A80069B755 /* Supporting Files */ = {
			isa = PBXGroup;
			children = (
				D250F7171A5971A80069B755 /* Info.plist */,
			);
			name = "Supporting Files";
			sourceTree = "<group>";
		};
		D250F7281A5971A80069B755 /* swTests */ = {
			isa = PBXGroup;
			children = (
				D250F72B1A5971A80069B755 /* swTests.swift */,
				D250F7291A5971A80069B755 /* Supporting Files */,
			);
			path = swTests;
			sourceTree = "<group>";
		};
		D250F7291A5971A80069B755 /* Supporting Files */ = {
			isa = PBXGroup;
			children = (
				D250F72A1A5971A80069B755 /* Info.plist */,
			);
			name = "Supporting Files";
			sourceTree = "<group>";
		};
/* End PBXGroup section */

/* Begin PBXNativeTarget section */
		D250F7121A5971A80069B755 /* sw */ = {
			isa = PBXNativeTarget;
			buildConfigurationList = D250F72F1A5971A80069B755 /* Build configuration list for PBXNativeTarget "sw" */;
			buildPhases = (
				D250F70F1A5971A80069B755 /* Sources */,
				D250F7101A5971A80069B755 /* Frameworks */,
				D250F7111A5971A80069B755 /* Resources */,
			);
			buildRules = (
			);
			dependencies = (
			);
			name = sw;
			productName = sw;
			productReference = D250F7131A5971A80069B755 /* sw.app */;
			productType = "com.apple.product-type.application";
		};
		D250F7241A5971A80069B755 /* swTests */ = {
			isa = PBXNativeTarget;
			buildConfigurationList = D250F7321A5971A80069B755 /* Build configuration list for PBXNativeTarget "swTests" */;
			buildPhases = (
				D250F7211A5971A80069B755 /* Sources */,
				D250F7221A5971A80069B755 /* Frameworks */,
				D250F7231A5971A80069B755 /* Resources */,
			);
			buildRules = (
			);
			dependencies = (
				D250F7271A5971A80069B755 /* PBXTargetDependency */,
			);
			name = swTests;
			productName = swTests;
			productReference = D250F7251A5971A80069B755 /* swTests.xctest */;
			productType = "com.apple.product-type.bundle.unit-test";
		};
/* End PBXNativeTarget section */

/* Begin PBXProject section */
		D250F70B1A5971A80069B755 /* Project object */ = {
			isa = PBXProject;
			attributes = {
				LastUpgradeCheck = 0600;
				ORGANIZATIONNAME = z30;
				TargetAttributes = {
					D250F7121A5971A80069B755 = {
						CreatedOnToolsVersion = 6.0;
					};
					D250F7241A5971A80069B755 = {
						CreatedOnToolsVersion = 6.0;
						TestTargetID = D250F7121A5971A80069B755;
					};
				};
			};
			buildConfigurationList = D250F70E1A5971A80069B755 /* Build configuration list for PBXProject "sw" */;
			compatibilityVersion = "Xcode 3.2";
			developmentRegion = English;
			hasScannedForEncodings = 0;
			knownRegions = (
				en,
				Base,
			);
			mainGroup = D250F70A1A5971A80069B755;
			productRefGroup = D250F7141A5971A80069B755 /* Products */;
			projectDirPath = "";
			projectRoot = "";
			targets = (
				D250F7121A5971A80069B755 /* sw */,
				D250F7241A5971A80069B755 /* swTests */,
			);
		};
/* End PBXProject section */

/* Begin PBXResourcesBuildPhase section */
		D250F7111A5971A80069B755 /* Resources */ = {
			isa = PBXResourcesBuildPhase;
			buildActionMask = 2147483647;
			files = (
				D250F71E1A5971A80069B755 /* Main.storyboard in Resources */,
				D250F7201A5971A80069B755 /* Images.xcassets in Resources */,
			);
			runOnlyForDeploymentPostprocessing = 0;
		};
		D250F7231A5971A80069B755 /* Resources */ = {
			isa = PBXResourcesBuildPhase;
			buildActionMask = 2147483647;
			files = (
			);
			runOnlyForDeploymentPostprocessing = 0;
		};
/* End PBXResourcesBuildPhase section */

/* Begin PBXSourcesBuildPhase section */
		D250F70F1A5971A80069B755 /* Sources */ = {
			isa = PBXSourcesBuildPhase;
			buildActionMask = 2147483647;
			files = (
				D250F71B1A5971A80069B755 /* ViewController.swift in Sources */,
				D250F7361A6022BD0069B755 /* aa.swift in Sources */,
				D250F7191A5971A80069B755 /* AppDelegate.swift in Sources */,
			);
			runOnlyForDeploymentPostprocessing = 0;
		};
		D250F7211A5971A80069B755 /* Sources */ = {
			isa = PBXSourcesBuildPhase;
			buildActionMask = 2147483647;
			files = (
				D250F72C1A5971A80069B755 /* swTests.swift in Sources */,
			);
			runOnlyForDeploymentPostprocessing = 0;
		};
/* End PBXSourcesBuildPhase section */

/* Begin PBXTargetDependency section */
		D250F7271A5971A80069B755 /* PBXTargetDependency */ = {
			isa = PBXTargetDependency;
			target = D250F7121A5971A80069B755 /* sw */;
			targetProxy = D250F7261A5971A80069B755 /* PBXContainerItemProxy */;
		};
/* End PBXTargetDependency section */

/* Begin PBXVariantGroup section */
		D250F71C1A5971A80069B755 /* Main.storyboard */ = {
			isa = PBXVariantGroup;
			children = (
				D250F71D1A5971A80069B755 /* Base */,
			);
			name = Main.storyboard;
			sourceTree = "<group>";
		};
/* End PBXVariantGroup section */

/* Begin XCBuildConfiguration section */
		D250F72D1A5971A80069B755 /* Debug */ = {
			isa = XCBuildConfiguration;
			buildSettings = {
				ALWAYS_SEARCH_USER_PATHS = NO;
				CLANG_CXX_LANGUAGE_STANDARD = "gnu++0x";
				CLANG_CXX_LIBRARY = "libc++";
				CLANG_ENABLE_MODULES = YES;
				CLANG_ENABLE_OBJC_ARC = YES;
				CLANG_WARN_BOOL_CONVERSION = YES;
				CLANG_WARN_CONSTANT_CONVERSION = YES;
				CLANG_WARN_DIRECT_OBJC_ISA_USAGE = YES_ERROR;
				CLANG_WARN_EMPTY_BODY = YES;
				CLANG_WARN_ENUM_CONVERSION = YES;
				CLANG_WARN_INT_CONVERSION = YES;
				CLANG_WARN_OBJC_ROOT_CLASS = YES_ERROR;
				CLANG_WARN_UNREACHABLE_CODE = YES;
				CLANG_WARN__DUPLICATE_METHOD_MATCH = YES;
				"CODE_SIGN_IDENTITY[sdk=iphoneos*]" = "iPhone Developer";
				COPY_PHASE_STRIP = NO;
				ENABLE_STRICT_OBJC_MSGSEND = YES;
				GCC_C_LANGUAGE_STANDARD = gnu99;
				GCC_DYNAMIC_NO_PIC = NO;
				GCC_OPTIMIZATION_LEVEL = 0;
				GCC_PREPROCESSOR_DEFINITIONS = (
					"DEBUG=1",
					"$(inherited)",
				);
				GCC_SYMBOLS_PRIVATE_EXTERN = NO;
				GCC_WARN_64_TO_32_BIT_CONVERSION = YES;
				GCC_WARN_ABOUT_RETURN_TYPE = YES_ERROR;
				GCC_WARN_UNDECLARED_SELECTOR = YES;
				GCC_WARN_UNINITIALIZED_AUTOS = YES_AGGRESSIVE;
				GCC_WARN_UNUSED_FUNCTION = YES;
				GCC_WARN_UNUSED_VARIABLE = YES;
				IPHONEOS_DEPLOYMENT_TARGET = 8.0;
				MTL_ENABLE_DEBUG_INFO = YES;
				ONLY_ACTIVE_ARCH = YES;
				SDKROOT = iphoneos;
				SWIFT_OPTIMIZATION_LEVEL = "-Onone";
				TARGETED_DEVICE_FAMILY = "1,2";
			};
			name = Debug;
		};
		D250F72E1A5971A80069B755 /* Release */ = {
			isa = XCBuildConfiguration;
			buildSettings = {
				ALWAYS_SEARCH_USER_PATHS = NO;
				CLANG_CXX_LANGUAGE_STANDARD = "gnu++0x";
				CLANG_CXX_LIBRARY = "libc++";
				CLANG_ENABLE_MODULES = YES;
				CLANG_ENABLE_OBJC_ARC = YES;
				CLANG_WARN_BOOL_CONVERSION = YES;
				CLANG_WARN_CONSTANT_CONVERSION = YES;
				CLANG_WARN_DIRECT_OBJC_ISA_USAGE = YES_ERROR;
				CLANG_WARN_EMPTY_BODY = YES;
				CLANG_WARN_ENUM_CONVERSION = YES;
				CLANG_WARN_INT_CONVERSION = YES;
				CLANG_WARN_OBJC_ROOT_CLASS = YES_ERROR;
				CLANG_WARN_UNREACHABLE_CODE = YES;
				CLANG_WARN__DUPLICATE_METHOD_MATCH = YES;
				"CODE_SIGN_IDENTITY[sdk=iphoneos*]" = "iPhone Developer";
				COPY_PHASE_STRIP = YES;
				ENABLE_NS_ASSERTIONS = NO;
				ENABLE_STRICT_OBJC_MSGSEND = YES;
				GCC_C_LANGUAGE_STANDARD = gnu99;
				GCC_WARN_64_TO_32_BIT_CONVERSION = YES;
				GCC_WARN_ABOUT_RETURN_TYPE = YES_ERROR;
				GCC_WARN_UNDECLARED_SELECTOR = YES;
				GCC_WARN_UNINITIALIZED_AUTOS = YES_AGGRESSIVE;
				GCC_WARN_UNUSED_FUNCTION = YES;
				GCC_WARN_UNUSED_VARIABLE = YES;
				IPHONEOS_DEPLOYMENT_TARGET = 8.0;
				MTL_ENABLE_DEBUG_INFO = NO;
				SDKROOT = iphoneos;
				TARGETED_DEVICE_FAMILY = "1,2";
				VALIDATE_PRODUCT = YES;
			};
			name = Release;
		};
		D250F7301A5971A80069B755 /* Debug */ = {
			isa = XCBuildConfiguration;
			buildSettings = {
				ASSETCATALOG_COMPILER_APPICON_NAME = AppIcon;
				ASSETCATALOG_COMPILER_LAUNCHIMAGE_NAME = LaunchImage;
				INFOPLIST_FILE = sw/Info.plist;
				LD_RUNPATH_SEARCH_PATHS = "$(inherited) @executable_path/Frameworks";
				PRODUCT_NAME = "$(TARGET_NAME)";
			};
			name = Debug;
		};
		D250F7311A5971A80069B755 /* Release */ = {
			isa = XCBuildConfiguration;
			buildSettings = {
				ASSETCATALOG_COMPILER_APPICON_NAME = AppIcon;
				ASSETCATALOG_COMPILER_LAUNCHIMAGE_NAME = LaunchImage;
				INFOPLIST_FILE = sw/Info.plist;
				LD_RUNPATH_SEARCH_PATHS = "$(inherited) @executable_path/Frameworks";
				PRODUCT_NAME = "$(TARGET_NAME)";
			};
			name = Release;
		};
		D250F7331A5971A80069B755 /* Debug */ = {
			isa = XCBuildConfiguration;
			buildSettings = {
				BUNDLE_LOADER = "$(BUILT_PRODUCTS_DIR)/sw.app/sw";
				FRAMEWORK_SEARCH_PATHS = (
					"$(SDKROOT)/Developer/Library/Frameworks",
					"$(inherited)",
				);
				GCC_PREPROCESSOR_DEFINITIONS = (
					"DEBUG=1",
					"$(inherited)",
				);
				INFOPLIST_FILE = swTests/Info.plist;
				LD_RUNPATH_SEARCH_PATHS = "$(inherited) @executable_path/Frameworks @loader_path/Frameworks";
				PRODUCT_NAME = "$(TARGET_NAME)";
				TEST_HOST = "$(BUNDLE_LOADER)";
			};
			name = Debug;
		};
		D250F7341A5971A80069B755 /* Release */ = {
			isa = XCBuildConfiguration;
			buildSettings = {
				BUNDLE_LOADER = "$(BUILT_PRODUCTS_DIR)/sw.app/sw";
				FRAMEWORK_SEARCH_PATHS = (
					"$(SDKROOT)/Developer/Library/Frameworks",
					"$(inherited)",
				);
				INFOPLIST_FILE = swTests/Info.plist;
				LD_RUNPATH_SEARCH_PATHS = "$(inherited) @executable_path/Frameworks @loader_path/Frameworks";
				PRODUCT_NAME = "$(TARGET_NAME)";
				TEST_HOST = "$(BUNDLE_LOADER)";
			};
			name = Release;
		};
/* End XCBuildConfiguration section */

/* Begin XCConfigurationList section */
		D250F70E1A5971A80069B755 /* Build configuration list for PBXProject "sw" */ = {
			isa = XCConfigurationList;
			buildConfigurations = (
				D250F72D1A5971A80069B755 /* Debug */,
				D250F72E1A5971A80069B755 /* Release */,
			);
			defaultConfigurationIsVisible = 0;
			defaultConfigurationName = Release;
		};
		D250F72F1A5971A80069B755 /* Build configuration list for PBXNativeTarget "sw" */ = {
			isa = XCConfigurationList;
			buildConfigurations = (
				D250F7301A5971A80069B755 /* Debug */,
				D250F7311A5971A80069B755 /* Release */,
			);
			defaultConfigurationIsVisible = 0;
			defaultConfigurationName = Release;
		};
		D250F7321A5971A80069B755 /* Build configuration list for PBXNativeTarget "swTests" */ = {
			isa = XCConfigurationList;
			buildConfigurations = (
				D250F7331A5971A80069B755 /* Debug */,
				D250F7341A5971A80069B755 /* Release */,
			);
			defaultConfigurationIsVisible = 0;
			defaultConfigurationName = Release;
		};
/* End XCConfigurationList section */
	};
	rootObject = D250F70B1A5971A80069B755 /* Project object */;
}
