// !$*UTF8*$!
{
	archiveVersion = 1;
	classes = {
	};
	objectVersion = 46;
	objects = {

/* Begin PBXBuildFile section */
		D250F76E1A6173460069B755 /* AppDelegate.swift in Sources */ = {isa = PBXBuildFile; fileRef = D250F76D1A6173460069B755 /* AppDelegate.swift */; };
		D250F7711A6173460069B755 /* sw_3.xcdatamodeld in Sources */ = {isa = PBXBuildFile; fileRef = D250F76F1A6173460069B755 /* sw_3.xcdatamodeld */; };
		D250F7731A6173460069B755 /* ViewController.swift in Sources */ = {isa = PBXBuildFile; fileRef = D250F7721A6173460069B755 /* ViewController.swift */; };
		D250F7761A6173460069B755 /* Main.storyboard in Resources */ = {isa = PBXBuildFile; fileRef = D250F7741A6173460069B755 /* Main.storyboard */; };
		D250F7781A6173460069B755 /* Images.xcassets in Resources */ = {isa = PBXBuildFile; fileRef = D250F7771A6173460069B755 /* Images.xcassets */; };
		D250F7841A6173460069B755 /* sw_3Tests.swift in Sources */ = {isa = PBXBuildFile; fileRef = D250F7831A6173460069B755 /* sw_3Tests.swift */; };
		D250F78E1A6405090069B755 /* Calc.swift in Sources */ = {isa = PBXBuildFile; fileRef = D250F78D1A6405080069B755 /* Calc.swift */; };
/* End PBXBuildFile section */

/* Begin PBXContainerItemProxy section */
		D250F77E1A6173460069B755 /* PBXContainerItemProxy */ = {
			isa = PBXContainerItemProxy;
			containerPortal = D250F7601A6173460069B755 /* Project object */;
			proxyType = 1;
			remoteGlobalIDString = D250F7671A6173460069B755;
			remoteInfo = sw_3;
		};
/* End PBXContainerItemProxy section */

/* Begin PBXFileReference section */
		D250F7681A6173460069B755 /* sw_3.app */ = {isa = PBXFileReference; explicitFileType = wrapper.application; includeInIndex = 0; path = sw_3.app; sourceTree = BUILT_PRODUCTS_DIR; };
		D250F76C1A6173460069B755 /* Info.plist */ = {isa = PBXFileReference; lastKnownFileType = text.plist.xml; path = Info.plist; sourceTree = "<group>"; };
		D250F76D1A6173460069B755 /* AppDelegate.swift */ = {isa = PBXFileReference; lastKnownFileType = sourcecode.swift; path = AppDelegate.swift; sourceTree = "<group>"; };
		D250F7701A6173460069B755 /* sw_3.xcdatamodel */ = {isa = PBXFileReference; lastKnownFileType = wrapper.xcdatamodel; path = sw_3.xcdatamodel; sourceTree = "<group>"; };
		D250F7721A6173460069B755 /* ViewController.swift */ = {isa = PBXFileReference; lastKnownFileType = sourcecode.swift; path = ViewController.swift; sourceTree = "<group>"; };
		D250F7751A6173460069B755 /* Base */ = {isa = PBXFileReference; lastKnownFileType = file.storyboard; name = Base; path = Base.lproj/Main.storyboard; sourceTree = "<group>"; };
		D250F7771A6173460069B755 /* Images.xcassets */ = {isa = PBXFileReference; lastKnownFileType = folder.assetcatalog; path = Images.xcassets; sourceTree = "<group>"; };
		D250F77D1A6173460069B755 /* sw_3Tests.xctest */ = {isa = PBXFileReference; explicitFileType = wrapper.cfbundle; includeInIndex = 0; path = sw_3Tests.xctest; sourceTree = BUILT_PRODUCTS_DIR; };
		D250F7821A6173460069B755 /* Info.plist */ = {isa = PBXFileReference; lastKnownFileType = text.plist.xml; path = Info.plist; sourceTree = "<group>"; };
		D250F7831A6173460069B755 /* sw_3Tests.swift */ = {isa = PBXFileReference; lastKnownFileType = sourcecode.swift; path = sw_3Tests.swift; sourceTree = "<group>"; };
		D250F78D1A6405080069B755 /* Calc.swift */ = {isa = PBXFileReference; fileEncoding = 4; lastKnownFileType = sourcecode.swift; path = Calc.swift; sourceTree = "<group>"; };
/* End PBXFileReference section */

/* Begin PBXFrameworksBuildPhase section */
		D250F7651A6173460069B755 /* Frameworks */ = {
			isa = PBXFrameworksBuildPhase;
			buildActionMask = 2147483647;
			files = (
			);
			runOnlyForDeploymentPostprocessing = 0;
		};
		D250F77A1A6173460069B755 /* Frameworks */ = {
			isa = PBXFrameworksBuildPhase;
			buildActionMask = 2147483647;
			files = (
			);
			runOnlyForDeploymentPostprocessing = 0;
		};
/* End PBXFrameworksBuildPhase section */

/* Begin PBXGroup section */
		D250F75F1A6173460069B755 = {
			isa = PBXGroup;
			children = (
				D250F76A1A6173460069B755 /* sw_3 */,
				D250F7801A6173460069B755 /* sw_3Tests */,
				D250F7691A6173460069B755 /* Products */,
			);
			sourceTree = "<group>";
		};
		D250F7691A6173460069B755 /* Products */ = {
			isa = PBXGroup;
			children = (
				D250F7681A6173460069B755 /* sw_3.app */,
				D250F77D1A6173460069B755 /* sw_3Tests.xctest */,
			);
			name = Products;
			sourceTree = "<group>";
		};
		D250F76A1A6173460069B755 /* sw_3 */ = {
			isa = PBXGroup;
			children = (
				D250F76D1A6173460069B755 /* AppDelegate.swift */,
				D250F7721A6173460069B755 /* ViewController.swift */,
				D250F78D1A6405080069B755 /* Calc.swift */,
				D250F7741A6173460069B755 /* Main.storyboard */,
				D250F7771A6173460069B755 /* Images.xcassets */,
				D250F76F1A6173460069B755 /* sw_3.xcdatamodeld */,
				D250F76B1A6173460069B755 /* Supporting Files */,
			);
			path = sw_3;
			sourceTree = "<group>";
		};
		D250F76B1A6173460069B755 /* Supporting Files */ = {
			isa = PBXGroup;
			children = (
				D250F76C1A6173460069B755 /* Info.plist */,
			);
			name = "Supporting Files";
			sourceTree = "<group>";
		};
		D250F7801A6173460069B755 /* sw_3Tests */ = {
			isa = PBXGroup;
			children = (
				D250F7831A6173460069B755 /* sw_3Tests.swift */,
				D250F7811A6173460069B755 /* Supporting Files */,
			);
			path = sw_3Tests;
			sourceTree = "<group>";
		};
		D250F7811A6173460069B755 /* Supporting Files */ = {
			isa = PBXGroup;
			children = (
				D250F7821A6173460069B755 /* Info.plist */,
			);
			name = "Supporting Files";
			sourceTree = "<group>";
		};
/* End PBXGroup section */

/* Begin PBXNativeTarget section */
		D250F7671A6173460069B755 /* sw_3 */ = {
			isa = PBXNativeTarget;
			buildConfigurationList = D250F7871A6173470069B755 /* Build configuration list for PBXNativeTarget "sw_3" */;
			buildPhases = (
				D250F7641A6173460069B755 /* Sources */,
				D250F7651A6173460069B755 /* Frameworks */,
				D250F7661A6173460069B755 /* Resources */,
			);
			buildRules = (
			);
			dependencies = (
			);
			name = sw_3;
			productName = sw_3;
			productReference = D250F7681A6173460069B755 /* sw_3.app */;
			productType = "com.apple.product-type.application";
		};
		D250F77C1A6173460069B755 /* sw_3Tests */ = {
			isa = PBXNativeTarget;
			buildConfigurationList = D250F78A1A6173470069B755 /* Build configuration list for PBXNativeTarget "sw_3Tests" */;
			buildPhases = (
				D250F7791A6173460069B755 /* Sources */,
				D250F77A1A6173460069B755 /* Frameworks */,
				D250F77B1A6173460069B755 /* Resources */,
			);
			buildRules = (
			);
			dependencies = (
				D250F77F1A6173460069B755 /* PBXTargetDependency */,
			);
			name = sw_3Tests;
			productName = sw_3Tests;
			productReference = D250F77D1A6173460069B755 /* sw_3Tests.xctest */;
			productType = "com.apple.product-type.bundle.unit-test";
		};
/* End PBXNativeTarget section */

/* Begin PBXProject section */
		D250F7601A6173460069B755 /* Project object */ = {
			isa = PBXProject;
			attributes = {
				LastUpgradeCheck = 0600;
				ORGANIZATIONNAME = z30;
				TargetAttributes = {
					D250F7671A6173460069B755 = {
						CreatedOnToolsVersion = 6.0;
					};
					D250F77C1A6173460069B755 = {
						CreatedOnToolsVersion = 6.0;
						TestTargetID = D250F7671A6173460069B755;
					};
				};
			};
			buildConfigurationList = D250F7631A6173460069B755 /* Build configuration list for PBXProject "sw_3" */;
			compatibilityVersion = "Xcode 3.2";
			developmentRegion = English;
			hasScannedForEncodings = 0;
			knownRegions = (
				en,
				Base,
			);
			mainGroup = D250F75F1A6173460069B755;
			productRefGroup = D250F7691A6173460069B755 /* Products */;
			projectDirPath = "";
			projectRoot = "";
			targets = (
				D250F7671A6173460069B755 /* sw_3 */,
				D250F77C1A6173460069B755 /* sw_3Tests */,
			);
		};
/* End PBXProject section */

/* Begin PBXResourcesBuildPhase section */
		D250F7661A6173460069B755 /* Resources */ = {
			isa = PBXResourcesBuildPhase;
			buildActionMask = 2147483647;
			files = (
				D250F7761A6173460069B755 /* Main.storyboard in Resources */,
				D250F7781A6173460069B755 /* Images.xcassets in Resources */,
			);
			runOnlyForDeploymentPostprocessing = 0;
		};
		D250F77B1A6173460069B755 /* Resources */ = {
			isa = PBXResourcesBuildPhase;
			buildActionMask = 2147483647;
			files = (
			);
			runOnlyForDeploymentPostprocessing = 0;
		};
/* End PBXResourcesBuildPhase section */

/* Begin PBXSourcesBuildPhase section */
		D250F7641A6173460069B755 /* Sources */ = {
			isa = PBXSourcesBuildPhase;
			buildActionMask = 2147483647;
			files = (
				D250F78E1A6405090069B755 /* Calc.swift in Sources */,
				D250F7731A6173460069B755 /* ViewController.swift in Sources */,
				D250F76E1A6173460069B755 /* AppDelegate.swift in Sources */,
				D250F7711A6173460069B755 /* sw_3.xcdatamodeld in Sources */,
			);
			runOnlyForDeploymentPostprocessing = 0;
		};
		D250F7791A6173460069B755 /* Sources */ = {
			isa = PBXSourcesBuildPhase;
			buildActionMask = 2147483647;
			files = (
				D250F7841A6173460069B755 /* sw_3Tests.swift in Sources */,
			);
			runOnlyForDeploymentPostprocessing = 0;
		};
/* End PBXSourcesBuildPhase section */

/* Begin PBXTargetDependency section */
		D250F77F1A6173460069B755 /* PBXTargetDependency */ = {
			isa = PBXTargetDependency;
			target = D250F7671A6173460069B755 /* sw_3 */;
			targetProxy = D250F77E1A6173460069B755 /* PBXContainerItemProxy */;
		};
/* End PBXTargetDependency section */

/* Begin PBXVariantGroup section */
		D250F7741A6173460069B755 /* Main.storyboard */ = {
			isa = PBXVariantGroup;
			children = (
				D250F7751A6173460069B755 /* Base */,
			);
			name = Main.storyboard;
			sourceTree = "<group>";
		};
/* End PBXVariantGroup section */

/* Begin XCBuildConfiguration section */
		D250F7851A6173470069B755 /* Debug */ = {
			isa = XCBuildConfiguration;
			buildSettings = {
				ALWAYS_SEARCH_USER_PATHS = NO;
				CLANG_CXX_LANGUAGE_STANDARD = "gnu++0x";
				CLANG_CXX_LIBRARY = "libc++";
				CLANG_ENABLE_MODULES = YES;
				CLANG_ENABLE_OBJC_ARC = YES;
				CLANG_WARN_BOOL_CONVERSION = YES;
				CLANG_WARN_CONSTANT_CONVERSION = YES;
				CLANG_WARN_DIRECT_OBJC_ISA_USAGE = YES_ERROR;
				CLANG_WARN_EMPTY_BODY = YES;
				CLANG_WARN_ENUM_CONVERSION = YES;
				CLANG_WARN_INT_CONVERSION = YES;
				CLANG_WARN_OBJC_ROOT_CLASS = YES_ERROR;
				CLANG_WARN_UNREACHABLE_CODE = YES;
				CLANG_WARN__DUPLICATE_METHOD_MATCH = YES;
				"CODE_SIGN_IDENTITY[sdk=iphoneos*]" = "iPhone Developer";
				COPY_PHASE_STRIP = NO;
				ENABLE_STRICT_OBJC_MSGSEND = YES;
				GCC_C_LANGUAGE_STANDARD = gnu99;
				GCC_DYNAMIC_NO_PIC = NO;
				GCC_OPTIMIZATION_LEVEL = 0;
				GCC_PREPROCESSOR_DEFINITIONS = (
					"DEBUG=1",
					"$(inherited)",
				);
				GCC_SYMBOLS_PRIVATE_EXTERN = NO;
				GCC_WARN_64_TO_32_BIT_CONVERSION = YES;
				GCC_WARN_ABOUT_RETURN_TYPE = YES_ERROR;
				GCC_WARN_UNDECLARED_SELECTOR = YES;
				GCC_WARN_UNINITIALIZED_AUTOS = YES_AGGRESSIVE;
				GCC_WARN_UNUSED_FUNCTION = YES;
				GCC_WARN_UNUSED_VARIABLE = YES;
				IPHONEOS_DEPLOYMENT_TARGET = 8.0;
				MTL_ENABLE_DEBUG_INFO = YES;
				ONLY_ACTIVE_ARCH = YES;
				SDKROOT = iphoneos;
				SWIFT_OPTIMIZATION_LEVEL = "-Onone";
				TARGETED_DEVICE_FAMILY = "1,2";
			};
			name = Debug;
		};
		D250F7861A6173470069B755 /* Release */ = {
			isa = XCBuildConfiguration;
			buildSettings = {
				ALWAYS_SEARCH_USER_PATHS = NO;
				CLANG_CXX_LANGUAGE_STANDARD = "gnu++0x";
				CLANG_CXX_LIBRARY = "libc++";
				CLANG_ENABLE_MODULES = YES;
				CLANG_ENABLE_OBJC_ARC = YES;
				CLANG_WARN_BOOL_CONVERSION = YES;
				CLANG_WARN_CONSTANT_CONVERSION = YES;
				CLANG_WARN_DIRECT_OBJC_ISA_USAGE = YES_ERROR;
				CLANG_WARN_EMPTY_BODY = YES;
				CLANG_WARN_ENUM_CONVERSION = YES;
				CLANG_WARN_INT_CONVERSION = YES;
				CLANG_WARN_OBJC_ROOT_CLASS = YES_ERROR;
				CLANG_WARN_UNREACHABLE_CODE = YES;
				CLANG_WARN__DUPLICATE_METHOD_MATCH = YES;
				"CODE_SIGN_IDENTITY[sdk=iphoneos*]" = "iPhone Developer";
				COPY_PHASE_STRIP = YES;
				ENABLE_NS_ASSERTIONS = NO;
				ENABLE_STRICT_OBJC_MSGSEND = YES;
				GCC_C_LANGUAGE_STANDARD = gnu99;
				GCC_WARN_64_TO_32_BIT_CONVERSION = YES;
				GCC_WARN_ABOUT_RETURN_TYPE = YES_ERROR;
				GCC_WARN_UNDECLARED_SELECTOR = YES;
				GCC_WARN_UNINITIALIZED_AUTOS = YES_AGGRESSIVE;
				GCC_WARN_UNUSED_FUNCTION = YES;
				GCC_WARN_UNUSED_VARIABLE = YES;
				IPHONEOS_DEPLOYMENT_TARGET = 8.0;
				MTL_ENABLE_DEBUG_INFO = NO;
				SDKROOT = iphoneos;
				TARGETED_DEVICE_FAMILY = "1,2";
				VALIDATE_PRODUCT = YES;
			};
			name = Release;
		};
		D250F7881A6173470069B755 /* Debug */ = {
			isa = XCBuildConfiguration;
			buildSettings = {
				ASSETCATALOG_COMPILER_APPICON_NAME = AppIcon;
				ASSETCATALOG_COMPILER_LAUNCHIMAGE_NAME = LaunchImage;
				INFOPLIST_FILE = sw_3/Info.plist;
				LD_RUNPATH_SEARCH_PATHS = "$(inherited) @executable_path/Frameworks";
				PRODUCT_NAME = "$(TARGET_NAME)";
			};
			name = Debug;
		};
		D250F7891A6173470069B755 /* Release */ = {
			isa = XCBuildConfiguration;
			buildSettings = {
				ASSETCATALOG_COMPILER_APPICON_NAME = AppIcon;
				ASSETCATALOG_COMPILER_LAUNCHIMAGE_NAME = LaunchImage;
				INFOPLIST_FILE = sw_3/Info.plist;
				LD_RUNPATH_SEARCH_PATHS = "$(inherited) @executable_path/Frameworks";
				PRODUCT_NAME = "$(TARGET_NAME)";
			};
			name = Release;
		};
		D250F78B1A6173470069B755 /* Debug */ = {
			isa = XCBuildConfiguration;
			buildSettings = {
				BUNDLE_LOADER = "$(BUILT_PRODUCTS_DIR)/sw_3.app/sw_3";
				FRAMEWORK_SEARCH_PATHS = (
					"$(SDKROOT)/Developer/Library/Frameworks",
					"$(inherited)",
				);
				GCC_PREPROCESSOR_DEFINITIONS = (
					"DEBUG=1",
					"$(inherited)",
				);
				INFOPLIST_FILE = sw_3Tests/Info.plist;
				LD_RUNPATH_SEARCH_PATHS = "$(inherited) @executable_path/Frameworks @loader_path/Frameworks";
				PRODUCT_NAME = "$(TARGET_NAME)";
				TEST_HOST = "$(BUNDLE_LOADER)";
			};
			name = Debug;
		};
		D250F78C1A6173470069B755 /* Release */ = {
			isa = XCBuildConfiguration;
			buildSettings = {
				BUNDLE_LOADER = "$(BUILT_PRODUCTS_DIR)/sw_3.app/sw_3";
				FRAMEWORK_SEARCH_PATHS = (
					"$(SDKROOT)/Developer/Library/Frameworks",
					"$(inherited)",
				);
				INFOPLIST_FILE = sw_3Tests/Info.plist;
				LD_RUNPATH_SEARCH_PATHS = "$(inherited) @executable_path/Frameworks @loader_path/Frameworks";
				PRODUCT_NAME = "$(TARGET_NAME)";
				TEST_HOST = "$(BUNDLE_LOADER)";
			};
			name = Release;
		};
/* End XCBuildConfiguration section */

/* Begin XCConfigurationList section */
		D250F7631A6173460069B755 /* Build configuration list for PBXProject "sw_3" */ = {
			isa = XCConfigurationList;
			buildConfigurations = (
				D250F7851A6173470069B755 /* Debug */,
				D250F7861A6173470069B755 /* Release */,
			);
			defaultConfigurationIsVisible = 0;
			defaultConfigurationName = Release;
		};
		D250F7871A6173470069B755 /* Build configuration list for PBXNativeTarget "sw_3" */ = {
			isa = XCConfigurationList;
			buildConfigurations = (
				D250F7881A6173470069B755 /* Debug */,
				D250F7891A6173470069B755 /* Release */,
			);
			defaultConfigurationIsVisible = 0;
		};
		D250F78A1A6173470069B755 /* Build configuration list for PBXNativeTarget "sw_3Tests" */ = {
			isa = XCConfigurationList;
			buildConfigurations = (
				D250F78B1A6173470069B755 /* Debug */,
				D250F78C1A6173470069B755 /* Release */,
			);
			defaultConfigurationIsVisible = 0;
		};
/* End XCConfigurationList section */

/* Begin XCVersionGroup section */
		D250F76F1A6173460069B755 /* sw_3.xcdatamodeld */ = {
			isa = XCVersionGroup;
			children = (
				D250F7701A6173460069B755 /* sw_3.xcdatamodel */,
			);
			currentVersion = D250F7701A6173460069B755 /* sw_3.xcdatamodel */;
			path = sw_3.xcdatamodeld;
			sourceTree = "<group>";
			versionGroupType = wrapper.xcdatamodel;
		};
/* End XCVersionGroup section */
	};
	rootObject = D250F7601A6173460069B755 /* Project object */;
}
